
Microsoft Visual Studio Solution File, Format Version 12.00
# Visual Studio Version 16
VisualStudioVersion = 16.0.31729.503
MinimumVisualStudioVersion = 10.0.40219.1
Project("{9A19103F-16F7-4668-BE54-9A1E7A4F7556}") = "NikeFrontend", "NikeFrontend\NikeFrontend.csproj", "{AAE8EC15-8728-4A78-8493-5B57AC14DC79}"
EndProject
Global
	GlobalSection(SolutionConfigurationPlatforms) = preSolution
		Debug|Any CPU = Debug|Any CPU
		Release|Any CPU = Release|Any CPU
	EndGlobalSection
	GlobalSection(ProjectConfigurationPlatforms) = postSolution
		{AAE8EC15-8728-4A78-8493-5B57AC14DC79}.Debug|Any CPU.ActiveCfg = Debug|Any CPU
		{AAE8EC15-8728-4A78-8493-5B57AC14DC79}.Debug|Any CPU.Build.0 = Debug|Any CPU
		{AAE8EC15-8728-4A78-8493-5B57AC14DC79}.Release|Any CPU.ActiveCfg = Release|Any CPU
		{AAE8EC15-8728-4A78-8493-5B57AC14DC79}.Release|Any CPU.Build.0 = Release|Any CPU
	EndGlobalSection
	GlobalSection(SolutionProperties) = preSolution
		HideSolutionNode = FALSE
	EndGlobalSection
	GlobalSection(ExtensibilityGlobals) = postSolution
		SolutionGuid = {33082AC2-150B-4095-A414-3223CDB15287}
	EndGlobalSection
EndGlobal
